
Microsoft Visual Studio Solution File, Format Version 12.00
# Visual Studio Version 17
VisualStudioVersion = 17.10.35013.160
MinimumVisualStudioVersion = 10.0.40219.1
Project("{FAE04EC0-301F-11D3-BF4B-00C04F79EFBC}") = "POO", "POO.csproj", "{23E09CB2-F71D-4637-A3D0-805C2944AC72}"
EndProject
Global
	GlobalSection(SolutionConfigurationPlatforms) = preSolution
		Debug|Any CPU = Debug|Any CPU
		Release|Any CPU = Release|Any CPU
	EndGlobalSection
	GlobalSection(ProjectConfigurationPlatforms) = postSolution
		{23E09CB2-F71D-4637-A3D0-805C2944AC72}.Debug|Any CPU.ActiveCfg = Debug|Any CPU
		{23E09CB2-F71D-4637-A3D0-805C2944AC72}.Debug|Any CPU.Build.0 = Debug|Any CPU
		{23E09CB2-F71D-4637-A3D0-805C2944AC72}.Release|Any CPU.ActiveCfg = Release|Any CPU
		{23E09CB2-F71D-4637-A3D0-805C2944AC72}.Release|Any CPU.Build.0 = Release|Any CPU
	EndGlobalSection
	GlobalSection(SolutionProperties) = preSolution
		HideSolutionNode = FALSE
	EndGlobalSection
	GlobalSection(ExtensibilityGlobals) = postSolution
		SolutionGuid = {366D2F23-B7DF-4AD5-936C-D7347ED709CB}
	EndGlobalSection
EndGlobal
